hash: 8a7cf965d86c257e8d12cf421ef4ac26487b3849ba079f8de787d9b6bbe443a3
updated: 2019-04-26T20:38:01.245254916+03:00
imports:
- name: github.com/caarlos0/env
  version: eaa3c660a3b46dfd5e4dac4fe72742cc23ec0d49
  subpackages:
  - parsers
- name: github.com/diskordanz/darksky
  version: 692543849a217e509a0efd758db00f201700f50d
  subpackages:
  - config
  - integration
  - request
- name: github.com/konsorten/go-windows-terminal-sequences
  version: f55edac94c9bbba5d6182a4be46d86a2c9b5b50e
- name: github.com/pkg/errors
  version: ba968bfe8b2f7e042a574c888954fccecfa385b4
- name: github.com/shawntoffel/darksky
  version: fab645e6a1f236e595bed14f8c9372f27052fbe7
- name: github.com/sirupsen/logrus
  version: 8bdbc7bcc01dcbb8ec23dc8a28e332258d25251f
- name: github.com/xedinaska/int-weather-sdk
  version: 9e47303a131d77ad4ebfefe5c5bf05292c5aec36
  subpackages:
  - api
  - request
- name: golang.org/x/sys
  version: 0ad05ae3009d6413d3363aa09b350b2ec37daf09
  subpackages:
  - unix
testImports: []
